
Microsoft Visual Studio Solution File, Format Version 12.00
# Visual Studio 15
VisualStudioVersion = 15.0.26430.15
MinimumVisualStudioVersion = 10.0.40219.1
Project("{FAE04EC0-301F-11D3-BF4B-00C04F79EFBC}") = "LessConnect", "LessConnect\LessConnect.csproj", "{31BBAB5A-0B0F-44F8-A50A-A066D1E8B49E}"
EndProject
Project("{FAE04EC0-301F-11D3-BF4B-00C04F79EFBC}") = "LessConnect LogUpload", "..\LessConnect Integrated\LessConnect LogUpload\LessConnect LogUpload.csproj", "{B98BBE4B-A857-43C1-A50D-9B143748C0E9}"
EndProject
Project("{FAE04EC0-301F-11D3-BF4B-00C04F79EFBC}") = "LessConnect Client", "..\LessConnect Client\LessConnect Client\LessConnect Client.csproj", "{DD0FFA8D-FD11-4659-B7EA-1966157EAD51}"
EndProject
Project("{FAE04EC0-301F-11D3-BF4B-00C04F79EFBC}") = "ServerTest", "ServerTest\ServerTest.csproj", "{6F7B1F03-622C-4A3B-8986-395F2F90B909}"
EndProject
Project("{FAE04EC0-301F-11D3-BF4B-00C04F79EFBC}") = "ClientTest", "ClientTest\ClientTest.csproj", "{3F01890C-93A8-4EA6-9D41-AB8257B65E72}"
EndProject
Project("{FAE04EC0-301F-11D3-BF4B-00C04F79EFBC}") = "LessConnect Activate Product", "LessConnect Activate Product\LessConnect Activate Product.csproj", "{B30C77A3-2779-46FC-B6A3-56242716C355}"
EndProject
Project("{FAE04EC0-301F-11D3-BF4B-00C04F79EFBC}") = "Encrpy", "Encrpy\Encrpy.csproj", "{45B7ACA5-F682-4EBE-AA23-EF4988102AA1}"
EndProject
Global
	GlobalSection(SolutionConfigurationPlatforms) = preSolution
		Debug|Any CPU = Debug|Any CPU
		Release|Any CPU = Release|Any CPU
	EndGlobalSection
	GlobalSection(ProjectConfigurationPlatforms) = postSolution
		{31BBAB5A-0B0F-44F8-A50A-A066D1E8B49E}.Debug|Any CPU.ActiveCfg = Debug|Any CPU
		{31BBAB5A-0B0F-44F8-A50A-A066D1E8B49E}.Debug|Any CPU.Build.0 = Debug|Any CPU
		{31BBAB5A-0B0F-44F8-A50A-A066D1E8B49E}.Release|Any CPU.ActiveCfg = Release|Any CPU
		{31BBAB5A-0B0F-44F8-A50A-A066D1E8B49E}.Release|Any CPU.Build.0 = Release|Any CPU
		{B98BBE4B-A857-43C1-A50D-9B143748C0E9}.Debug|Any CPU.ActiveCfg = Debug|Any CPU
		{B98BBE4B-A857-43C1-A50D-9B143748C0E9}.Debug|Any CPU.Build.0 = Debug|Any CPU
		{B98BBE4B-A857-43C1-A50D-9B143748C0E9}.Release|Any CPU.ActiveCfg = Release|Any CPU
		{B98BBE4B-A857-43C1-A50D-9B143748C0E9}.Release|Any CPU.Build.0 = Release|Any CPU
		{DD0FFA8D-FD11-4659-B7EA-1966157EAD51}.Debug|Any CPU.ActiveCfg = Debug|Any CPU
		{DD0FFA8D-FD11-4659-B7EA-1966157EAD51}.Debug|Any CPU.Build.0 = Debug|Any CPU
		{DD0FFA8D-FD11-4659-B7EA-1966157EAD51}.Release|Any CPU.ActiveCfg = Release|Any CPU
		{DD0FFA8D-FD11-4659-B7EA-1966157EAD51}.Release|Any CPU.Build.0 = Release|Any CPU
		{6F7B1F03-622C-4A3B-8986-395F2F90B909}.Debug|Any CPU.ActiveCfg = Debug|Any CPU
		{6F7B1F03-622C-4A3B-8986-395F2F90B909}.Debug|Any CPU.Build.0 = Debug|Any CPU
		{6F7B1F03-622C-4A3B-8986-395F2F90B909}.Release|Any CPU.ActiveCfg = Release|Any CPU
		{6F7B1F03-622C-4A3B-8986-395F2F90B909}.Release|Any CPU.Build.0 = Release|Any CPU
		{3F01890C-93A8-4EA6-9D41-AB8257B65E72}.Debug|Any CPU.ActiveCfg = Debug|Any CPU
		{3F01890C-93A8-4EA6-9D41-AB8257B65E72}.Debug|Any CPU.Build.0 = Debug|Any CPU
		{3F01890C-93A8-4EA6-9D41-AB8257B65E72}.Release|Any CPU.ActiveCfg = Release|Any CPU
		{3F01890C-93A8-4EA6-9D41-AB8257B65E72}.Release|Any CPU.Build.0 = Release|Any CPU
		{B30C77A3-2779-46FC-B6A3-56242716C355}.Debug|Any CPU.ActiveCfg = Debug|Any CPU
		{B30C77A3-2779-46FC-B6A3-56242716C355}.Debug|Any CPU.Build.0 = Debug|Any CPU
		{B30C77A3-2779-46FC-B6A3-56242716C355}.Release|Any CPU.ActiveCfg = Release|Any CPU
		{B30C77A3-2779-46FC-B6A3-56242716C355}.Release|Any CPU.Build.0 = Release|Any CPU
		{45B7ACA5-F682-4EBE-AA23-EF4988102AA1}.Debug|Any CPU.ActiveCfg = Debug|Any CPU
		{45B7ACA5-F682-4EBE-AA23-EF4988102AA1}.Debug|Any CPU.Build.0 = Debug|Any CPU
		{45B7ACA5-F682-4EBE-AA23-EF4988102AA1}.Release|Any CPU.ActiveCfg = Release|Any CPU
		{45B7ACA5-F682-4EBE-AA23-EF4988102AA1}.Release|Any CPU.Build.0 = Release|Any CPU
	EndGlobalSection
	GlobalSection(SolutionProperties) = preSolution
		HideSolutionNode = FALSE
	EndGlobalSection
EndGlobal
