
Microsoft Visual Studio Solution File, Format Version 11.00
# Visual Studio 2010
# SharpDevelop 5.1
Project("{FAE04EC0-301F-11D3-BF4B-00C04F79EFBC}") = "Server test REVISION 2", "Server test REVISION 2\Server test REVISION 2.csproj", "{FB10E8AE-32C7-4DB8-B28A-523E31812209}"
EndProject
Project("{FAE04EC0-301F-11D3-BF4B-00C04F79EFBC}") = "Client test REVISION 2", "..\Client test REVISION 2\Client test REVISION 2.csproj", "{452C53B1-5DD2-4646-AC9C-41971A22FF6B}"
EndProject
Global
	GlobalSection(SolutionConfigurationPlatforms) = preSolution
		Debug|Any CPU = Debug|Any CPU
		Release|Any CPU = Release|Any CPU
	EndGlobalSection
	GlobalSection(ProjectConfigurationPlatforms) = postSolution
		{FB10E8AE-32C7-4DB8-B28A-523E31812209}.Debug|Any CPU.ActiveCfg = Debug|Any CPU
		{FB10E8AE-32C7-4DB8-B28A-523E31812209}.Debug|Any CPU.Build.0 = Debug|Any CPU
		{FB10E8AE-32C7-4DB8-B28A-523E31812209}.Release|Any CPU.ActiveCfg = Release|Any CPU
		{FB10E8AE-32C7-4DB8-B28A-523E31812209}.Release|Any CPU.Build.0 = Release|Any CPU
		{452C53B1-5DD2-4646-AC9C-41971A22FF6B}.Debug|Any CPU.ActiveCfg = Debug|Any CPU
		{452C53B1-5DD2-4646-AC9C-41971A22FF6B}.Debug|Any CPU.Build.0 = Debug|Any CPU
		{452C53B1-5DD2-4646-AC9C-41971A22FF6B}.Release|Any CPU.ActiveCfg = Release|Any CPU
		{452C53B1-5DD2-4646-AC9C-41971A22FF6B}.Release|Any CPU.Build.0 = Release|Any CPU
	EndGlobalSection
EndGlobal
